<?xml version="1.0" encoding="utf-8"?>
<Project ToolsVersion="4.0" xmlns="http://schemas.microsoft.com/developer/msbuild/2003">
  <ItemGroup>
    <ClCompile Include="Date.cpp" />
    <ClCompile Include="ExecuteAdd.cpp" />
    <ClCompile Include="ExecuteDelete.cpp" />
    <ClCompile Include="ExecuteDirectory.cpp" />
    <ClCompile Include="ExecuteDisplay.cpp" />
    <ClCompile Include="ExecuteDropDown.cpp" />
    <ClCompile Include="ExecuteEdit.cpp" />
    <ClCompile Include="ExecuteHelp.cpp" />
    <ClCompile Include="ExecuteMark.cpp" />
    <ClCompile Include="ExecuteSearch.cpp" />
    <ClCompile Include="ExtDataBase.cpp" />
    <ClCompile Include="HandleInput.cpp" />
    <ClCompile Include="Logic.cpp" />
    <ClCompile Include="main.cpp" />
    <ClCompile Include="Parser.cpp" />
    <ClCompile Include="Standardise.cpp" />
    <ClCompile Include="StickyNote.cpp" />
    <ClCompile Include="Storage.cpp" />
    <ClCompile Include="UserTask.cpp" />
    <ClCompile Include="ExecuteSort.cpp" />
  </ItemGroup>
  <ItemGroup>
    <ClInclude Include="Date.h" />
    <ClInclude Include="ExecuteAdd.h" />
    <ClInclude Include="ExecuteDelete.h" />
    <ClInclude Include="ExecuteDirectory.h" />
    <ClInclude Include="ExecuteDisplay.h" />
    <ClInclude Include="ExecuteDropDown.h" />
    <ClInclude Include="ExecuteEdit.h" />
    <ClInclude Include="ExecuteHelp.h" />
    <ClInclude Include="ExecuteMark.h" />
    <ClInclude Include="ExecuteSearch.h" />
    <ClInclude Include="Executor.h" />
    <ClInclude Include="ExtDataBase.h" />
    <ClInclude Include="Global.h" />
    <ClInclude Include="HandleInput.h" />
    <ClInclude Include="Logic.h" />
    <ClInclude Include="Parser.h" />
    <ClInclude Include="Standardise.h" />
    <ClInclude Include="StickyNote.h" />
    <ClInclude Include="Storage.h" />
    <ClInclude Include="UserTask.h" />
    <ClInclude Include="ExecuteSort.h" />
  </ItemGroup>
</Project>